
Microsoft Visual Studio Solution File, Format Version 11.00
# Visual Studio 2010
Project("{FAE04EC0-301F-11D3-BF4B-00C04F79EFBC}") = "AsteroidShooter", "Assembly-CSharp.csproj", "{CBB45F3E-7D05-E163-36C8-4E13F3C72639}"
EndProject
Global
	GlobalSection(SolutionConfigurationPlatforms) = preSolution
		Debug|Any CPU = Debug|Any CPU
		Release|Any CPU = Release|Any CPU
	EndGlobalSection
	GlobalSection(ProjectConfigurationPlatforms) = postSolution
		{CBB45F3E-7D05-E163-36C8-4E13F3C72639}.Debug|Any CPU.ActiveCfg = Debug|Any CPU
		{CBB45F3E-7D05-E163-36C8-4E13F3C72639}.Debug|Any CPU.Build.0 = Debug|Any CPU
		{CBB45F3E-7D05-E163-36C8-4E13F3C72639}.Release|Any CPU.ActiveCfg = Release|Any CPU
		{CBB45F3E-7D05-E163-36C8-4E13F3C72639}.Release|Any CPU.Build.0 = Release|Any CPU
	EndGlobalSection
	GlobalSection(SolutionProperties) = preSolution
		HideSolutionNode = FALSE
	EndGlobalSection
	GlobalSection(MonoDevelopProperties) = preSolution
		StartupItem = Assembly-CSharp.csproj
	EndGlobalSection
EndGlobal
